// !$*UTF8*$!
{
	archiveVersion = 1;
	classes = {
	};
	objectVersion = 56;
	objects = {

/* Begin PBXBuildFile section */
		4E4183B52A2FCD10005567ED /* AppDelegate.swift in Sources */ = {isa = PBXBuildFile; fileRef = 4E4183B42A2FCD10005567ED /* AppDelegate.swift */; };
		4E4183B72A2FCD10005567ED /* SceneDelegate.swift in Sources */ = {isa = PBXBuildFile; fileRef = 4E4183B62A2FCD10005567ED /* SceneDelegate.swift */; };
		4E4183B92A2FCD10005567ED /* ViewController.swift in Sources */ = {isa = PBXBuildFile; fileRef = 4E4183B82A2FCD10005567ED /* ViewController.swift */; };
		4E4183BC2A2FCD10005567ED /* Main.storyboard in Resources */ = {isa = PBXBuildFile; fileRef = 4E4183BA2A2FCD10005567ED /* Main.storyboard */; };
		4E4183BE2A2FCD11005567ED /* Assets.xcassets in Resources */ = {isa = PBXBuildFile; fileRef = 4E4183BD2A2FCD11005567ED /* Assets.xcassets */; };
		4E4183C12A2FCD11005567ED /* LaunchScreen.storyboard in Resources */ = {isa = PBXBuildFile; fileRef = 4E4183BF2A2FCD11005567ED /* LaunchScreen.storyboard */; };
		4E4183CC2A2FCD11005567ED /* CalcTests.swift in Sources */ = {isa = PBXBuildFile; fileRef = 4E4183CB2A2FCD11005567ED /* CalcTests.swift */; };
		4E4183D62A2FCD11005567ED /* CalcUITests.swift in Sources */ = {isa = PBXBuildFile; fileRef = 4E4183D52A2FCD11005567ED /* CalcUITests.swift */; };
		4E4183D82A2FCD11005567ED /* CalcUITestsLaunchTests.swift in Sources */ = {isa = PBXBuildFile; fileRef = 4E4183D72A2FCD11005567ED /* CalcUITestsLaunchTests.swift */; };
/* End PBXBuildFile section */

/* Begin PBXContainerItemProxy section */
		4E4183C82A2FCD11005567ED /* PBXContainerItemProxy */ = {
			isa = PBXContainerItemProxy;
			containerPortal = 4E4183A92A2FCD0F005567ED /* Project object */;
			proxyType = 1;
			remoteGlobalIDString = 4E4183B02A2FCD10005567ED;
			remoteInfo = Calc;
		};
		4E4183D22A2FCD11005567ED /* PBXContainerItemProxy */ = {
			isa = PBXContainerItemProxy;
			containerPortal = 4E4183A92A2FCD0F005567ED /* Project object */;
			proxyType = 1;
			remoteGlobalIDString = 4E4183B02A2FCD10005567ED;
			remoteInfo = Calc;
		};
/* End PBXContainerItemProxy section */

/* Begin PBXFileReference section */
		4E4183B12A2FCD10005567ED /* Calc.app */ = {isa = PBXFileReference; explicitFileType = wrapper.application; includeInIndex = 0; path = Calc.app; sourceTree = BUILT_PRODUCTS_DIR; };
		4E4183B42A2FCD10005567ED /* AppDelegate.swift */ = {isa = PBXFileReference; lastKnownFileType = sourcecode.swift; path = AppDelegate.swift; sourceTree = "<group>"; };
		4E4183B62A2FCD10005567ED /* SceneDelegate.swift */ = {isa = PBXFileReference; lastKnownFileType = sourcecode.swift; path = SceneDelegate.swift; sourceTree = "<group>"; };
		4E4183B82A2FCD10005567ED /* ViewController.swift */ = {isa = PBXFileReference; lastKnownFileType = sourcecode.swift; path = ViewController.swift; sourceTree = "<group>"; };
		4E4183BB2A2FCD10005567ED /* Base */ = {isa = PBXFileReference; lastKnownFileType = file.storyboard; name = Base; path = Base.lproj/Main.storyboard; sourceTree = "<group>"; };
		4E4183BD2A2FCD11005567ED /* Assets.xcassets */ = {isa = PBXFileReference; lastKnownFileType = folder.assetcatalog; path = Assets.xcassets; sourceTree = "<group>"; };
		4E4183C02A2FCD11005567ED /* Base */ = {isa = PBXFileReference; lastKnownFileType = file.storyboard; name = Base; path = Base.lproj/LaunchScreen.storyboard; sourceTree = "<group>"; };
		4E4183C22A2FCD11005567ED /* Info.plist */ = {isa = PBXFileReference; lastKnownFileType = text.plist.xml; path = Info.plist; sourceTree = "<group>"; };
		4E4183C72A2FCD11005567ED /* CalcTests.xctest */ = {isa = PBXFileReference; explicitFileType = wrapper.cfbundle; includeInIndex = 0; path = CalcTests.xctest; sourceTree = BUILT_PRODUCTS_DIR; };
		4E4183CB2A2FCD11005567ED /* CalcTests.swift */ = {isa = PBXFileReference; lastKnownFileType = sourcecode.swift; path = CalcTests.swift; sourceTree = "<group>"; };
		4E4183D12A2FCD11005567ED /* CalcUITests.xctest */ = {isa = PBXFileReference; explicitFileType = wrapper.cfbundle; includeInIndex = 0; path = CalcUITests.xctest; sourceTree = BUILT_PRODUCTS_DIR; };
		4E4183D52A2FCD11005567ED /* CalcUITests.swift */ = {isa = PBXFileReference; lastKnownFileType = sourcecode.swift; path = CalcUITests.swift; sourceTree = "<group>"; };
		4E4183D72A2FCD11005567ED /* CalcUITestsLaunchTests.swift */ = {isa = PBXFileReference; lastKnownFileType = sourcecode.swift; path = CalcUITestsLaunchTests.swift; sourceTree = "<group>"; };
/* End PBXFileReference section */

/* Begin PBXFrameworksBuildPhase section */
		4E4183AE2A2FCD10005567ED /* Frameworks */ = {
			isa = PBXFrameworksBuildPhase;
			buildActionMask = 2147483647;
			files = (
			);
			runOnlyForDeploymentPostprocessing = 0;
		};
		4E4183C42A2FCD11005567ED /* Frameworks */ = {
			isa = PBXFrameworksBuildPhase;
			buildActionMask = 2147483647;
			files = (
			);
			runOnlyForDeploymentPostprocessing = 0;
		};
		4E4183CE2A2FCD11005567ED /* Frameworks */ = {
			isa = PBXFrameworksBuildPhase;
			buildActionMask = 2147483647;
			files = (
			);
			runOnlyForDeploymentPostprocessing = 0;
		};
/* End PBXFrameworksBuildPhase section */

/* Begin PBXGroup section */
		4E4183A82A2FCD0F005567ED = {
			isa = PBXGroup;
			children = (
				4E4183B32A2FCD10005567ED /* Calc */,
				4E4183CA2A2FCD11005567ED /* CalcTests */,
				4E4183D42A2FCD11005567ED /* CalcUITests */,
				4E4183B22A2FCD10005567ED /* Products */,
			);
			sourceTree = "<group>";
		};
		4E4183B22A2FCD10005567ED /* Products */ = {
			isa = PBXGroup;
			children = (
				4E4183B12A2FCD10005567ED /* Calc.app */,
				4E4183C72A2FCD11005567ED /* CalcTests.xctest */,
				4E4183D12A2FCD11005567ED /* CalcUITests.xctest */,
			);
			name = Products;
			sourceTree = "<group>";
		};
		4E4183B32A2FCD10005567ED /* Calc */ = {
			isa = PBXGroup;
			children = (
				4E4183B42A2FCD10005567ED /* AppDelegate.swift */,
				4E4183B62A2FCD10005567ED /* SceneDelegate.swift */,
				4E4183B82A2FCD10005567ED /* ViewController.swift */,
				4E4183BA2A2FCD10005567ED /* Main.storyboard */,
				4E4183BD2A2FCD11005567ED /* Assets.xcassets */,
				4E4183BF2A2FCD11005567ED /* LaunchScreen.storyboard */,
				4E4183C22A2FCD11005567ED /* Info.plist */,
			);
			path = Calc;
			sourceTree = "<group>";
		};
		4E4183CA2A2FCD11005567ED /* CalcTests */ = {
			isa = PBXGroup;
			children = (
				4E4183CB2A2FCD11005567ED /* CalcTests.swift */,
			);
			path = CalcTests;
			sourceTree = "<group>";
		};
		4E4183D42A2FCD11005567ED /* CalcUITests */ = {
			isa = PBXGroup;
			children = (
				4E4183D52A2FCD11005567ED /* CalcUITests.swift */,
				4E4183D72A2FCD11005567ED /* CalcUITestsLaunchTests.swift */,
			);
			path = CalcUITests;
			sourceTree = "<group>";
		};
/* End PBXGroup section */

/* Begin PBXNativeTarget section */
		4E4183B02A2FCD10005567ED /* Calc */ = {
			isa = PBXNativeTarget;
			buildConfigurationList = 4E4183DB2A2FCD11005567ED /* Build configuration list for PBXNativeTarget "Calc" */;
			buildPhases = (
				4E4183AD2A2FCD10005567ED /* Sources */,
				4E4183AE2A2FCD10005567ED /* Frameworks */,
				4E4183AF2A2FCD10005567ED /* Resources */,
			);
			buildRules = (
			);
			dependencies = (
			);
			name = Calc;
			productName = Calc;
			productReference = 4E4183B12A2FCD10005567ED /* Calc.app */;
			productType = "com.apple.product-type.application";
		};
		4E4183C62A2FCD11005567ED /* CalcTests */ = {
			isa = PBXNativeTarget;
			buildConfigurationList = 4E4183DE2A2FCD11005567ED /* Build configuration list for PBXNativeTarget "CalcTests" */;
			buildPhases = (
				4E4183C32A2FCD11005567ED /* Sources */,
				4E4183C42A2FCD11005567ED /* Frameworks */,
				4E4183C52A2FCD11005567ED /* Resources */,
			);
			buildRules = (
			);
			dependencies = (
				4E4183C92A2FCD11005567ED /* PBXTargetDependency */,
			);
			name = CalcTests;
			productName = CalcTests;
			productReference = 4E4183C72A2FCD11005567ED /* CalcTests.xctest */;
			productType = "com.apple.product-type.bundle.unit-test";
		};
		4E4183D02A2FCD11005567ED /* CalcUITests */ = {
			isa = PBXNativeTarget;
			buildConfigurationList = 4E4183E12A2FCD11005567ED /* Build configuration list for PBXNativeTarget "CalcUITests" */;
			buildPhases = (
				4E4183CD2A2FCD11005567ED /* Sources */,
				4E4183CE2A2FCD11005567ED /* Frameworks */,
				4E4183CF2A2FCD11005567ED /* Resources */,
			);
			buildRules = (
			);
			dependencies = (
				4E4183D32A2FCD11005567ED /* PBXTargetDependency */,
			);
			name = CalcUITests;
			productName = CalcUITests;
			productReference = 4E4183D12A2FCD11005567ED /* CalcUITests.xctest */;
			productType = "com.apple.product-type.bundle.ui-testing";
		};
/* End PBXNativeTarget section */

/* Begin PBXProject section */
		4E4183A92A2FCD0F005567ED /* Project object */ = {
			isa = PBXProject;
			attributes = {
				BuildIndependentTargetsInParallel = 1;
				LastSwiftUpdateCheck = 1430;
				LastUpgradeCheck = 1430;
				TargetAttributes = {
					4E4183B02A2FCD10005567ED = {
						CreatedOnToolsVersion = 14.3;
					};
					4E4183C62A2FCD11005567ED = {
						CreatedOnToolsVersion = 14.3;
						TestTargetID = 4E4183B02A2FCD10005567ED;
					};
					4E4183D02A2FCD11005567ED = {
						CreatedOnToolsVersion = 14.3;
						TestTargetID = 4E4183B02A2FCD10005567ED;
					};
				};
			};
			buildConfigurationList = 4E4183AC2A2FCD0F005567ED /* Build configuration list for PBXProject "Calc" */;
			compatibilityVersion = "Xcode 14.0";
			developmentRegion = en;
			hasScannedForEncodings = 0;
			knownRegions = (
				en,
				Base,
			);
			mainGroup = 4E4183A82A2FCD0F005567ED;
			productRefGroup = 4E4183B22A2FCD10005567ED /* Products */;
			projectDirPath = "";
			projectRoot = "";
			targets = (
				4E4183B02A2FCD10005567ED /* Calc */,
				4E4183C62A2FCD11005567ED /* CalcTests */,
				4E4183D02A2FCD11005567ED /* CalcUITests */,
			);
		};
/* End PBXProject section */

/* Begin PBXResourcesBuildPhase section */
		4E4183AF2A2FCD10005567ED /* Resources */ = {
			isa = PBXResourcesBuildPhase;
			buildActionMask = 2147483647;
			files = (
				4E4183C12A2FCD11005567ED /* LaunchScreen.storyboard in Resources */,
				4E4183BE2A2FCD11005567ED /* Assets.xcassets in Resources */,
				4E4183BC2A2FCD10005567ED /* Main.storyboard in Resources */,
			);
			runOnlyForDeploymentPostprocessing = 0;
		};
		4E4183C52A2FCD11005567ED /* Resources */ = {
			isa = PBXResourcesBuildPhase;
			buildActionMask = 2147483647;
			files = (
			);
			runOnlyForDeploymentPostprocessing = 0;
		};
		4E4183CF2A2FCD11005567ED /* Resources */ = {
			isa = PBXResourcesBuildPhase;
			buildActionMask = 2147483647;
			files = (
			);
			runOnlyForDeploymentPostprocessing = 0;
		};
/* End PBXResourcesBuildPhase section */

/* Begin PBXSourcesBuildPhase section */
		4E4183AD2A2FCD10005567ED /* Sources */ = {
			isa = PBXSourcesBuildPhase;
			buildActionMask = 2147483647;
			files = (
				4E4183B92A2FCD10005567ED /* ViewController.swift in Sources */,
				4E4183B52A2FCD10005567ED /* AppDelegate.swift in Sources */,
				4E4183B72A2FCD10005567ED /* SceneDelegate.swift in Sources */,
			);
			runOnlyForDeploymentPostprocessing = 0;
		};
		4E4183C32A2FCD11005567ED /* Sources */ = {
			isa = PBXSourcesBuildPhase;
			buildActionMask = 2147483647;
			files = (
				4E4183CC2A2FCD11005567ED /* CalcTests.swift in Sources */,
			);
			runOnlyForDeploymentPostprocessing = 0;
		};
		4E4183CD2A2FCD11005567ED /* Sources */ = {
			isa = PBXSourcesBuildPhase;
			buildActionMask = 2147483647;
			files = (
				4E4183D62A2FCD11005567ED /* CalcUITests.swift in Sources */,
				4E4183D82A2FCD11005567ED /* CalcUITestsLaunchTests.swift in Sources */,
			);
			runOnlyForDeploymentPostprocessing = 0;
		};
/* End PBXSourcesBuildPhase section */

/* Begin PBXTargetDependency section */
		4E4183C92A2FCD11005567ED /* PBXTargetDependency */ = {
			isa = PBXTargetDependency;
			target = 4E4183B02A2FCD10005567ED /* Calc */;
			targetProxy = 4E4183C82A2FCD11005567ED /* PBXContainerItemProxy */;
		};
		4E4183D32A2FCD11005567ED /* PBXTargetDependency */ = {
			isa = PBXTargetDependency;
			target = 4E4183B02A2FCD10005567ED /* Calc */;
			targetProxy = 4E4183D22A2FCD11005567ED /* PBXContainerItemProxy */;
		};
/* End PBXTargetDependency section */

/* Begin PBXVariantGroup section */
		4E4183BA2A2FCD10005567ED /* Main.storyboard */ = {
			isa = PBXVariantGroup;
			children = (
				4E4183BB2A2FCD10005567ED /* Base */,
			);
			name = Main.storyboard;
			sourceTree = "<group>";
		};
		4E4183BF2A2FCD11005567ED /* LaunchScreen.storyboard */ = {
			isa = PBXVariantGroup;
			children = (
				4E4183C02A2FCD11005567ED /* Base */,
			);
			name = LaunchScreen.storyboard;
			sourceTree = "<group>";
		};
/* End PBXVariantGroup section */

/* Begin XCBuildConfiguration section */
		4E4183D92A2FCD11005567ED /* Debug */ = {
			isa = XCBuildConfiguration;
			buildSettings = {
				ALWAYS_SEARCH_USER_PATHS = NO;
				CLANG_ANALYZER_NONNULL = YES;
				CLANG_ANALYZER_NUMBER_OBJECT_CONVERSION = YES_AGGRESSIVE;
				CLANG_CXX_LANGUAGE_STANDARD = "gnu++20";
				CLANG_ENABLE_MODULES = YES;
				CLANG_ENABLE_OBJC_ARC = YES;
				CLANG_ENABLE_OBJC_WEAK = YES;
				CLANG_WARN_BLOCK_CAPTURE_AUTORELEASING = YES;
				CLANG_WARN_BOOL_CONVERSION = YES;
				CLANG_WARN_COMMA = YES;
				CLANG_WARN_CONSTANT_CONVERSION = YES;
				CLANG_WARN_DEPRECATED_OBJC_IMPLEMENTATIONS = YES;
				CLANG_WARN_DIRECT_OBJC_ISA_USAGE = YES_ERROR;
				CLANG_WARN_DOCUMENTATION_COMMENTS = YES;
				CLANG_WARN_EMPTY_BODY = YES;
				CLANG_WARN_ENUM_CONVERSION = YES;
				CLANG_WARN_INFINITE_RECURSION = YES;
				CLANG_WARN_INT_CONVERSION = YES;
				CLANG_WARN_NON_LITERAL_NULL_CONVERSION = YES;
				CLANG_WARN_OBJC_IMPLICIT_RETAIN_SELF = YES;
				CLANG_WARN_OBJC_LITERAL_CONVERSION = YES;
				CLANG_WARN_OBJC_ROOT_CLASS = YES_ERROR;
				CLANG_WARN_QUOTED_INCLUDE_IN_FRAMEWORK_HEADER = YES;
				CLANG_WARN_RANGE_LOOP_ANALYSIS = YES;
				CLANG_WARN_STRICT_PROTOTYPES = YES;
				CLANG_WARN_SUSPICIOUS_MOVE = YES;
				CLANG_WARN_UNGUARDED_AVAILABILITY = YES_AGGRESSIVE;
				CLANG_WARN_UNREACHABLE_CODE = YES;
				CLANG_WARN__DUPLICATE_METHOD_MATCH = YES;
				COPY_PHASE_STRIP = NO;
				DEBUG_INFORMATION_FORMAT = dwarf;
				ENABLE_STRICT_OBJC_MSGSEND = YES;
				ENABLE_TESTABILITY = YES;
				GCC_C_LANGUAGE_STANDARD = gnu11;
				GCC_DYNAMIC_NO_PIC = NO;
				GCC_NO_COMMON_BLOCKS = YES;
				GCC_OPTIMIZATION_LEVEL = 0;
				GCC_PREPROCESSOR_DEFINITIONS = (
					"DEBUG=1",
					"$(inherited)",
				);
				GCC_WARN_64_TO_32_BIT_CONVERSION = YES;
				GCC_WARN_ABOUT_RETURN_TYPE = YES_ERROR;
				GCC_WARN_UNDECLARED_SELECTOR = YES;
				GCC_WARN_UNINITIALIZED_AUTOS = YES_AGGRESSIVE;
				GCC_WARN_UNUSED_FUNCTION = YES;
				GCC_WARN_UNUSED_VARIABLE = YES;
				IPHONEOS_DEPLOYMENT_TARGET = 16.4;
				MTL_ENABLE_DEBUG_INFO = INCLUDE_SOURCE;
				MTL_FAST_MATH = YES;
				ONLY_ACTIVE_ARCH = YES;
				SDKROOT = iphoneos;
				SWIFT_ACTIVE_COMPILATION_CONDITIONS = DEBUG;
				SWIFT_OPTIMIZATION_LEVEL = "-Onone";
			};
			name = Debug;
		};
		4E4183DA2A2FCD11005567ED /* Release */ = {
			isa = XCBuildConfiguration;
			buildSettings = {
				ALWAYS_SEARCH_USER_PATHS = NO;
				CLANG_ANALYZER_NONNULL = YES;
				CLANG_ANALYZER_NUMBER_OBJECT_CONVERSION = YES_AGGRESSIVE;
				CLANG_CXX_LANGUAGE_STANDARD = "gnu++20";
				CLANG_ENABLE_MODULES = YES;
				CLANG_ENABLE_OBJC_ARC = YES;
				CLANG_ENABLE_OBJC_WEAK = YES;
				CLANG_WARN_BLOCK_CAPTURE_AUTORELEASING = YES;
				CLANG_WARN_BOOL_CONVERSION = YES;
				CLANG_WARN_COMMA = YES;
				CLANG_WARN_CONSTANT_CONVERSION = YES;
				CLANG_WARN_DEPRECATED_OBJC_IMPLEMENTATIONS = YES;
				CLANG_WARN_DIRECT_OBJC_ISA_USAGE = YES_ERROR;
				CLANG_WARN_DOCUMENTATION_COMMENTS = YES;
				CLANG_WARN_EMPTY_BODY = YES;
				CLANG_WARN_ENUM_CONVERSION = YES;
				CLANG_WARN_INFINITE_RECURSION = YES;
				CLANG_WARN_INT_CONVERSION = YES;
				CLANG_WARN_NON_LITERAL_NULL_CONVERSION = YES;
				CLANG_WARN_OBJC_IMPLICIT_RETAIN_SELF = YES;
				CLANG_WARN_OBJC_LITERAL_CONVERSION = YES;
				CLANG_WARN_OBJC_ROOT_CLASS = YES_ERROR;
				CLANG_WARN_QUOTED_INCLUDE_IN_FRAMEWORK_HEADER = YES;
				CLANG_WARN_RANGE_LOOP_ANALYSIS = YES;
				CLANG_WARN_STRICT_PROTOTYPES = YES;
				CLANG_WARN_SUSPICIOUS_MOVE = YES;
				CLANG_WARN_UNGUARDED_AVAILABILITY = YES_AGGRESSIVE;
				CLANG_WARN_UNREACHABLE_CODE = YES;
				CLANG_WARN__DUPLICATE_METHOD_MATCH = YES;
				COPY_PHASE_STRIP = NO;
				DEBUG_INFORMATION_FORMAT = "dwarf-with-dsym";
				ENABLE_NS_ASSERTIONS = NO;
				ENABLE_STRICT_OBJC_MSGSEND = YES;
				GCC_C_LANGUAGE_STANDARD = gnu11;
				GCC_NO_COMMON_BLOCKS = YES;
				GCC_WARN_64_TO_32_BIT_CONVERSION = YES;
				GCC_WARN_ABOUT_RETURN_TYPE = YES_ERROR;
				GCC_WARN_UNDECLARED_SELECTOR = YES;
				GCC_WARN_UNINITIALIZED_AUTOS = YES_AGGRESSIVE;
				GCC_WARN_UNUSED_FUNCTION = YES;
				GCC_WARN_UNUSED_VARIABLE = YES;
				IPHONEOS_DEPLOYMENT_TARGET = 16.4;
				MTL_ENABLE_DEBUG_INFO = NO;
				MTL_FAST_MATH = YES;
				SDKROOT = iphoneos;
				SWIFT_COMPILATION_MODE = wholemodule;
				SWIFT_OPTIMIZATION_LEVEL = "-O";
				VALIDATE_PRODUCT = YES;
			};
			name = Release;
		};
		4E4183DC2A2FCD11005567ED /* Debug */ = {
			isa = XCBuildConfiguration;
			buildSettings = {
				ASSETCATALOG_COMPILER_APPICON_NAME = AppIcon;
				ASSETCATALOG_COMPILER_GLOBAL_ACCENT_COLOR_NAME = AccentColor;
				CODE_SIGN_STYLE = Automatic;
				CURRENT_PROJECT_VERSION = 1;
				GENERATE_INFOPLIST_FILE = YES;
				INFOPLIST_FILE = Calc/Info.plist;
				INFOPLIST_KEY_UIApplicationSupportsIndirectInputEvents = YES;
				INFOPLIST_KEY_UILaunchStoryboardName = LaunchScreen;
				INFOPLIST_KEY_UIMainStoryboardFile = Main;
				INFOPLIST_KEY_UISupportedInterfaceOrientations_iPad = "UIInterfaceOrientationPortrait UIInterfaceOrientationPortraitUpsideDown UIInterfaceOrientationLandscapeLeft UIInterfaceOrientationLandscapeRight";
				INFOPLIST_KEY_UISupportedInterfaceOrientations_iPhone = "UIInterfaceOrientationPortrait UIInterfaceOrientationLandscapeLeft UIInterfaceOrientationLandscapeRight";
				LD_RUNPATH_SEARCH_PATHS = (
					"$(inherited)",
					"@executable_path/Frameworks",
				);
				MARKETING_VERSION = 1.0;
				PRODUCT_BUNDLE_IDENTIFIER = b.Calc;
				PRODUCT_NAME = "$(TARGET_NAME)";
				SWIFT_EMIT_LOC_STRINGS = YES;
				SWIFT_VERSION = 5.0;
				TARGETED_DEVICE_FAMILY = "1,2";
			};
			name = Debug;
		};
		4E4183DD2A2FCD11005567ED /* Release */ = {
			isa = XCBuildConfiguration;
			buildSettings = {
				ASSETCATALOG_COMPILER_APPICON_NAME = AppIcon;
				ASSETCATALOG_COMPILER_GLOBAL_ACCENT_COLOR_NAME = AccentColor;
				CODE_SIGN_STYLE = Automatic;
				CURRENT_PROJECT_VERSION = 1;
				GENERATE_INFOPLIST_FILE = YES;
				INFOPLIST_FILE = Calc/Info.plist;
				INFOPLIST_KEY_UIApplicationSupportsIndirectInputEvents = YES;
				INFOPLIST_KEY_UILaunchStoryboardName = LaunchScreen;
				INFOPLIST_KEY_UIMainStoryboardFile = Main;
				INFOPLIST_KEY_UISupportedInterfaceOrientations_iPad = "UIInterfaceOrientationPortrait UIInterfaceOrientationPortraitUpsideDown UIInterfaceOrientationLandscapeLeft UIInterfaceOrientationLandscapeRight";
				INFOPLIST_KEY_UISupportedInterfaceOrientations_iPhone = "UIInterfaceOrientationPortrait UIInterfaceOrientationLandscapeLeft UIInterfaceOrientationLandscapeRight";
				LD_RUNPATH_SEARCH_PATHS = (
					"$(inherited)",
					"@executable_path/Frameworks",
				);
				MARKETING_VERSION = 1.0;
				PRODUCT_BUNDLE_IDENTIFIER = b.Calc;
				PRODUCT_NAME = "$(TARGET_NAME)";
				SWIFT_EMIT_LOC_STRINGS = YES;
				SWIFT_VERSION = 5.0;
				TARGETED_DEVICE_FAMILY = "1,2";
			};
			name = Release;
		};
		4E4183DF2A2FCD11005567ED /* Debug */ = {
			isa = XCBuildConfiguration;
			buildSettings = {
				ALWAYS_EMBED_SWIFT_STANDARD_LIBRARIES = YES;
				BUNDLE_LOADER = "$(TEST_HOST)";
				CODE_SIGN_STYLE = Automatic;
				CURRENT_PROJECT_VERSION = 1;
				GENERATE_INFOPLIST_FILE = YES;
				IPHONEOS_DEPLOYMENT_TARGET = 16.4;
				MARKETING_VERSION = 1.0;
				PRODUCT_BUNDLE_IDENTIFIER = b.CalcTests;
				PRODUCT_NAME = "$(TARGET_NAME)";
				SWIFT_EMIT_LOC_STRINGS = NO;
				SWIFT_VERSION = 5.0;
				TARGETED_DEVICE_FAMILY = "1,2";
				TEST_HOST = "$(BUILT_PRODUCTS_DIR)/Calc.app/$(BUNDLE_EXECUTABLE_FOLDER_PATH)/Calc";
			};
			name = Debug;
		};
		4E4183E02A2FCD11005567ED /* Release */ = {
			isa = XCBuildConfiguration;
			buildSettings = {
				ALWAYS_EMBED_SWIFT_STANDARD_LIBRARIES = YES;
				BUNDLE_LOADER = "$(TEST_HOST)";
				CODE_SIGN_STYLE = Automatic;
				CURRENT_PROJECT_VERSION = 1;
				GENERATE_INFOPLIST_FILE = YES;
				IPHONEOS_DEPLOYMENT_TARGET = 16.4;
				MARKETING_VERSION = 1.0;
				PRODUCT_BUNDLE_IDENTIFIER = b.CalcTests;
				PRODUCT_NAME = "$(TARGET_NAME)";
				SWIFT_EMIT_LOC_STRINGS = NO;
				SWIFT_VERSION = 5.0;
				TARGETED_DEVICE_FAMILY = "1,2";
				TEST_HOST = "$(BUILT_PRODUCTS_DIR)/Calc.app/$(BUNDLE_EXECUTABLE_FOLDER_PATH)/Calc";
			};
			name = Release;
		};
		4E4183E22A2FCD11005567ED /* Debug */ = {
			isa = XCBuildConfiguration;
			buildSettings = {
				ALWAYS_EMBED_SWIFT_STANDARD_LIBRARIES = YES;
				CODE_SIGN_STYLE = Automatic;
				CURRENT_PROJECT_VERSION = 1;
				GENERATE_INFOPLIST_FILE = YES;
				MARKETING_VERSION = 1.0;
				PRODUCT_BUNDLE_IDENTIFIER = b.CalcUITests;
				PRODUCT_NAME = "$(TARGET_NAME)";
				SWIFT_EMIT_LOC_STRINGS = NO;
				SWIFT_VERSION = 5.0;
				TARGETED_DEVICE_FAMILY = "1,2";
				TEST_TARGET_NAME = Calc;
			};
			name = Debug;
		};
		4E4183E32A2FCD11005567ED /* Release */ = {
			isa = XCBuildConfiguration;
			buildSettings = {
				ALWAYS_EMBED_SWIFT_STANDARD_LIBRARIES = YES;
				CODE_SIGN_STYLE = Automatic;
				CURRENT_PROJECT_VERSION = 1;
				GENERATE_INFOPLIST_FILE = YES;
				MARKETING_VERSION = 1.0;
				PRODUCT_BUNDLE_IDENTIFIER = b.CalcUITests;
				PRODUCT_NAME = "$(TARGET_NAME)";
				SWIFT_EMIT_LOC_STRINGS = NO;
				SWIFT_VERSION = 5.0;
				TARGETED_DEVICE_FAMILY = "1,2";
				TEST_TARGET_NAME = Calc;
			};
			name = Release;
		};
/* End XCBuildConfiguration section */

/* Begin XCConfigurationList section */
		4E4183AC2A2FCD0F005567ED /* Build configuration list for PBXProject "Calc" */ = {
			isa = XCConfigurationList;
			buildConfigurations = (
				4E4183D92A2FCD11005567ED /* Debug */,
				4E4183DA2A2FCD11005567ED /* Release */,
			);
			defaultConfigurationIsVisible = 0;
			defaultConfigurationName = Release;
		};
		4E4183DB2A2FCD11005567ED /* Build configuration list for PBXNativeTarget "Calc" */ = {
			isa = XCConfigurationList;
			buildConfigurations = (
				4E4183DC2A2FCD11005567ED /* Debug */,
				4E4183DD2A2FCD11005567ED /* Release */,
			);
			defaultConfigurationIsVisible = 0;
			defaultConfigurationName = Release;
		};
		4E4183DE2A2FCD11005567ED /* Build configuration list for PBXNativeTarget "CalcTests" */ = {
			isa = XCConfigurationList;
			buildConfigurations = (
				4E4183DF2A2FCD11005567ED /* Debug */,
				4E4183E02A2FCD11005567ED /* Release */,
			);
			defaultConfigurationIsVisible = 0;
			defaultConfigurationName = Release;
		};
		4E4183E12A2FCD11005567ED /* Build configuration list for PBXNativeTarget "CalcUITests" */ = {
			isa = XCConfigurationList;
			buildConfigurations = (
				4E4183E22A2FCD11005567ED /* Debug */,
				4E4183E32A2FCD11005567ED /* Release */,
			);
			defaultConfigurationIsVisible = 0;
			defaultConfigurationName = Release;
		};
/* End XCConfigurationList section */
	};
	rootObject = 4E4183A92A2FCD0F005567ED /* Project object */;
}
