// !$*UTF8*$!
{
	archiveVersion = 1;
	classes = {
	};
	objectVersion = 56;
	objects = {

/* Begin PBXBuildFile section */
		4EC175E82A3EE46700B653B2 /* AdventureApp.swift in Sources */ = {isa = PBXBuildFile; fileRef = 4EC175E72A3EE46700B653B2 /* AdventureApp.swift */; };
		4EC175EA2A3EE46700B653B2 /* ContentView.swift in Sources */ = {isa = PBXBuildFile; fileRef = 4EC175E92A3EE46700B653B2 /* ContentView.swift */; };
		4EC175EC2A3EE46900B653B2 /* Assets.xcassets in Resources */ = {isa = PBXBuildFile; fileRef = 4EC175EB2A3EE46900B653B2 /* Assets.xcassets */; };
		4EC175EF2A3EE46900B653B2 /* Preview Assets.xcassets in Resources */ = {isa = PBXBuildFile; fileRef = 4EC175EE2A3EE46900B653B2 /* Preview Assets.xcassets */; };
		4EC175F92A3EE46A00B653B2 /* AdventureTests.swift in Sources */ = {isa = PBXBuildFile; fileRef = 4EC175F82A3EE46A00B653B2 /* AdventureTests.swift */; };
		4EC176032A3EE46A00B653B2 /* AdventureUITests.swift in Sources */ = {isa = PBXBuildFile; fileRef = 4EC176022A3EE46A00B653B2 /* AdventureUITests.swift */; };
		4EC176052A3EE46A00B653B2 /* AdventureUITestsLaunchTests.swift in Sources */ = {isa = PBXBuildFile; fileRef = 4EC176042A3EE46A00B653B2 /* AdventureUITestsLaunchTests.swift */; };
		4EC176122A3EE99F00B653B2 /* PageView.swift in Sources */ = {isa = PBXBuildFile; fileRef = 4EC176112A3EE99F00B653B2 /* PageView.swift */; };
		4EC176162A3EEDE400B653B2 /* Story.swift in Sources */ = {isa = PBXBuildFile; fileRef = 4EC176152A3EEDE400B653B2 /* Story.swift */; };
/* End PBXBuildFile section */

/* Begin PBXContainerItemProxy section */
		4EC175F52A3EE46A00B653B2 /* PBXContainerItemProxy */ = {
			isa = PBXContainerItemProxy;
			containerPortal = 4EC175DC2A3EE46700B653B2 /* Project object */;
			proxyType = 1;
			remoteGlobalIDString = 4EC175E32A3EE46700B653B2;
			remoteInfo = Adventure;
		};
		4EC175FF2A3EE46A00B653B2 /* PBXContainerItemProxy */ = {
			isa = PBXContainerItemProxy;
			containerPortal = 4EC175DC2A3EE46700B653B2 /* Project object */;
			proxyType = 1;
			remoteGlobalIDString = 4EC175E32A3EE46700B653B2;
			remoteInfo = Adventure;
		};
/* End PBXContainerItemProxy section */

/* Begin PBXFileReference section */
		4EC175E42A3EE46700B653B2 /* Adventure.app */ = {isa = PBXFileReference; explicitFileType = wrapper.application; includeInIndex = 0; path = Adventure.app; sourceTree = BUILT_PRODUCTS_DIR; };
		4EC175E72A3EE46700B653B2 /* AdventureApp.swift */ = {isa = PBXFileReference; lastKnownFileType = sourcecode.swift; path = AdventureApp.swift; sourceTree = "<group>"; };
		4EC175E92A3EE46700B653B2 /* ContentView.swift */ = {isa = PBXFileReference; lastKnownFileType = sourcecode.swift; path = ContentView.swift; sourceTree = "<group>"; };
		4EC175EB2A3EE46900B653B2 /* Assets.xcassets */ = {isa = PBXFileReference; lastKnownFileType = folder.assetcatalog; path = Assets.xcassets; sourceTree = "<group>"; };
		4EC175EE2A3EE46900B653B2 /* Preview Assets.xcassets */ = {isa = PBXFileReference; lastKnownFileType = folder.assetcatalog; path = "Preview Assets.xcassets"; sourceTree = "<group>"; };
		4EC175F42A3EE46A00B653B2 /* AdventureTests.xctest */ = {isa = PBXFileReference; explicitFileType = wrapper.cfbundle; includeInIndex = 0; path = AdventureTests.xctest; sourceTree = BUILT_PRODUCTS_DIR; };
		4EC175F82A3EE46A00B653B2 /* AdventureTests.swift */ = {isa = PBXFileReference; lastKnownFileType = sourcecode.swift; path = AdventureTests.swift; sourceTree = "<group>"; };
		4EC175FE2A3EE46A00B653B2 /* AdventureUITests.xctest */ = {isa = PBXFileReference; explicitFileType = wrapper.cfbundle; includeInIndex = 0; path = AdventureUITests.xctest; sourceTree = BUILT_PRODUCTS_DIR; };
		4EC176022A3EE46A00B653B2 /* AdventureUITests.swift */ = {isa = PBXFileReference; lastKnownFileType = sourcecode.swift; path = AdventureUITests.swift; sourceTree = "<group>"; };
		4EC176042A3EE46A00B653B2 /* AdventureUITestsLaunchTests.swift */ = {isa = PBXFileReference; lastKnownFileType = sourcecode.swift; path = AdventureUITestsLaunchTests.swift; sourceTree = "<group>"; };
		4EC176112A3EE99F00B653B2 /* PageView.swift */ = {isa = PBXFileReference; lastKnownFileType = sourcecode.swift; path = PageView.swift; sourceTree = "<group>"; };
		4EC176152A3EEDE400B653B2 /* Story.swift */ = {isa = PBXFileReference; lastKnownFileType = sourcecode.swift; path = Story.swift; sourceTree = "<group>"; };
/* End PBXFileReference section */

/* Begin PBXFrameworksBuildPhase section */
		4EC175E12A3EE46700B653B2 /* Frameworks */ = {
			isa = PBXFrameworksBuildPhase;
			buildActionMask = 2147483647;
			files = (
			);
			runOnlyForDeploymentPostprocessing = 0;
		};
		4EC175F12A3EE46A00B653B2 /* Frameworks */ = {
			isa = PBXFrameworksBuildPhase;
			buildActionMask = 2147483647;
			files = (
			);
			runOnlyForDeploymentPostprocessing = 0;
		};
		4EC175FB2A3EE46A00B653B2 /* Frameworks */ = {
			isa = PBXFrameworksBuildPhase;
			buildActionMask = 2147483647;
			files = (
			);
			runOnlyForDeploymentPostprocessing = 0;
		};
/* End PBXFrameworksBuildPhase section */

/* Begin PBXGroup section */
		4EC175DB2A3EE46700B653B2 = {
			isa = PBXGroup;
			children = (
				4EC175E62A3EE46700B653B2 /* Adventure */,
				4EC175F72A3EE46A00B653B2 /* AdventureTests */,
				4EC176012A3EE46A00B653B2 /* AdventureUITests */,
				4EC175E52A3EE46700B653B2 /* Products */,
			);
			sourceTree = "<group>";
		};
		4EC175E52A3EE46700B653B2 /* Products */ = {
			isa = PBXGroup;
			children = (
				4EC175E42A3EE46700B653B2 /* Adventure.app */,
				4EC175F42A3EE46A00B653B2 /* AdventureTests.xctest */,
				4EC175FE2A3EE46A00B653B2 /* AdventureUITests.xctest */,
			);
			name = Products;
			sourceTree = "<group>";
		};
		4EC175E62A3EE46700B653B2 /* Adventure */ = {
			isa = PBXGroup;
			children = (
				4EC175E72A3EE46700B653B2 /* AdventureApp.swift */,
				4EC176142A3EEDA500B653B2 /* Model */,
				4EC176132A3EED6700B653B2 /* New Group */,
				4EC175EB2A3EE46900B653B2 /* Assets.xcassets */,
				4EC175ED2A3EE46900B653B2 /* Preview Content */,
			);
			path = Adventure;
			sourceTree = "<group>";
		};
		4EC175ED2A3EE46900B653B2 /* Preview Content */ = {
			isa = PBXGroup;
			children = (
				4EC175EE2A3EE46900B653B2 /* Preview Assets.xcassets */,
			);
			path = "Preview Content";
			sourceTree = "<group>";
		};
		4EC175F72A3EE46A00B653B2 /* AdventureTests */ = {
			isa = PBXGroup;
			children = (
				4EC175F82A3EE46A00B653B2 /* AdventureTests.swift */,
			);
			path = AdventureTests;
			sourceTree = "<group>";
		};
		4EC176012A3EE46A00B653B2 /* AdventureUITests */ = {
			isa = PBXGroup;
			children = (
				4EC176022A3EE46A00B653B2 /* AdventureUITests.swift */,
				4EC176042A3EE46A00B653B2 /* AdventureUITestsLaunchTests.swift */,
			);
			path = AdventureUITests;
			sourceTree = "<group>";
		};
		4EC176132A3EED6700B653B2 /* New Group */ = {
			isa = PBXGroup;
			children = (
				4EC175E92A3EE46700B653B2 /* ContentView.swift */,
				4EC176112A3EE99F00B653B2 /* PageView.swift */,
			);
			path = "New Group";
			sourceTree = "<group>";
		};
		4EC176142A3EEDA500B653B2 /* Model */ = {
			isa = PBXGroup;
			children = (
				4EC176152A3EEDE400B653B2 /* Story.swift */,
			);
			path = Model;
			sourceTree = "<group>";
		};
/* End PBXGroup section */

/* Begin PBXNativeTarget section */
		4EC175E32A3EE46700B653B2 /* Adventure */ = {
			isa = PBXNativeTarget;
			buildConfigurationList = 4EC176082A3EE46A00B653B2 /* Build configuration list for PBXNativeTarget "Adventure" */;
			buildPhases = (
				4EC175E02A3EE46700B653B2 /* Sources */,
				4EC175E12A3EE46700B653B2 /* Frameworks */,
				4EC175E22A3EE46700B653B2 /* Resources */,
			);
			buildRules = (
			);
			dependencies = (
			);
			name = Adventure;
			productName = Adventure;
			productReference = 4EC175E42A3EE46700B653B2 /* Adventure.app */;
			productType = "com.apple.product-type.application";
		};
		4EC175F32A3EE46A00B653B2 /* AdventureTests */ = {
			isa = PBXNativeTarget;
			buildConfigurationList = 4EC1760B2A3EE46A00B653B2 /* Build configuration list for PBXNativeTarget "AdventureTests" */;
			buildPhases = (
				4EC175F02A3EE46A00B653B2 /* Sources */,
				4EC175F12A3EE46A00B653B2 /* Frameworks */,
				4EC175F22A3EE46A00B653B2 /* Resources */,
			);
			buildRules = (
			);
			dependencies = (
				4EC175F62A3EE46A00B653B2 /* PBXTargetDependency */,
			);
			name = AdventureTests;
			productName = AdventureTests;
			productReference = 4EC175F42A3EE46A00B653B2 /* AdventureTests.xctest */;
			productType = "com.apple.product-type.bundle.unit-test";
		};
		4EC175FD2A3EE46A00B653B2 /* AdventureUITests */ = {
			isa = PBXNativeTarget;
			buildConfigurationList = 4EC1760E2A3EE46A00B653B2 /* Build configuration list for PBXNativeTarget "AdventureUITests" */;
			buildPhases = (
				4EC175FA2A3EE46A00B653B2 /* Sources */,
				4EC175FB2A3EE46A00B653B2 /* Frameworks */,
				4EC175FC2A3EE46A00B653B2 /* Resources */,
			);
			buildRules = (
			);
			dependencies = (
				4EC176002A3EE46A00B653B2 /* PBXTargetDependency */,
			);
			name = AdventureUITests;
			productName = AdventureUITests;
			productReference = 4EC175FE2A3EE46A00B653B2 /* AdventureUITests.xctest */;
			productType = "com.apple.product-type.bundle.ui-testing";
		};
/* End PBXNativeTarget section */

/* Begin PBXProject section */
		4EC175DC2A3EE46700B653B2 /* Project object */ = {
			isa = PBXProject;
			attributes = {
				BuildIndependentTargetsInParallel = 1;
				LastSwiftUpdateCheck = 1430;
				LastUpgradeCheck = 1430;
				TargetAttributes = {
					4EC175E32A3EE46700B653B2 = {
						CreatedOnToolsVersion = 14.3;
					};
					4EC175F32A3EE46A00B653B2 = {
						CreatedOnToolsVersion = 14.3;
						TestTargetID = 4EC175E32A3EE46700B653B2;
					};
					4EC175FD2A3EE46A00B653B2 = {
						CreatedOnToolsVersion = 14.3;
						TestTargetID = 4EC175E32A3EE46700B653B2;
					};
				};
			};
			buildConfigurationList = 4EC175DF2A3EE46700B653B2 /* Build configuration list for PBXProject "Adventure" */;
			compatibilityVersion = "Xcode 14.0";
			developmentRegion = en;
			hasScannedForEncodings = 0;
			knownRegions = (
				en,
				Base,
			);
			mainGroup = 4EC175DB2A3EE46700B653B2;
			productRefGroup = 4EC175E52A3EE46700B653B2 /* Products */;
			projectDirPath = "";
			projectRoot = "";
			targets = (
				4EC175E32A3EE46700B653B2 /* Adventure */,
				4EC175F32A3EE46A00B653B2 /* AdventureTests */,
				4EC175FD2A3EE46A00B653B2 /* AdventureUITests */,
			);
		};
/* End PBXProject section */

/* Begin PBXResourcesBuildPhase section */
		4EC175E22A3EE46700B653B2 /* Resources */ = {
			isa = PBXResourcesBuildPhase;
			buildActionMask = 2147483647;
			files = (
				4EC175EF2A3EE46900B653B2 /* Preview Assets.xcassets in Resources */,
				4EC175EC2A3EE46900B653B2 /* Assets.xcassets in Resources */,
			);
			runOnlyForDeploymentPostprocessing = 0;
		};
		4EC175F22A3EE46A00B653B2 /* Resources */ = {
			isa = PBXResourcesBuildPhase;
			buildActionMask = 2147483647;
			files = (
			);
			runOnlyForDeploymentPostprocessing = 0;
		};
		4EC175FC2A3EE46A00B653B2 /* Resources */ = {
			isa = PBXResourcesBuildPhase;
			buildActionMask = 2147483647;
			files = (
			);
			runOnlyForDeploymentPostprocessing = 0;
		};
/* End PBXResourcesBuildPhase section */

/* Begin PBXSourcesBuildPhase section */
		4EC175E02A3EE46700B653B2 /* Sources */ = {
			isa = PBXSourcesBuildPhase;
			buildActionMask = 2147483647;
			files = (
				4EC175EA2A3EE46700B653B2 /* ContentView.swift in Sources */,
				4EC176122A3EE99F00B653B2 /* PageView.swift in Sources */,
				4EC175E82A3EE46700B653B2 /* AdventureApp.swift in Sources */,
				4EC176162A3EEDE400B653B2 /* Story.swift in Sources */,
			);
			runOnlyForDeploymentPostprocessing = 0;
		};
		4EC175F02A3EE46A00B653B2 /* Sources */ = {
			isa = PBXSourcesBuildPhase;
			buildActionMask = 2147483647;
			files = (
				4EC175F92A3EE46A00B653B2 /* AdventureTests.swift in Sources */,
			);
			runOnlyForDeploymentPostprocessing = 0;
		};
		4EC175FA2A3EE46A00B653B2 /* Sources */ = {
			isa = PBXSourcesBuildPhase;
			buildActionMask = 2147483647;
			files = (
				4EC176032A3EE46A00B653B2 /* AdventureUITests.swift in Sources */,
				4EC176052A3EE46A00B653B2 /* AdventureUITestsLaunchTests.swift in Sources */,
			);
			runOnlyForDeploymentPostprocessing = 0;
		};
/* End PBXSourcesBuildPhase section */

/* Begin PBXTargetDependency section */
		4EC175F62A3EE46A00B653B2 /* PBXTargetDependency */ = {
			isa = PBXTargetDependency;
			target = 4EC175E32A3EE46700B653B2 /* Adventure */;
			targetProxy = 4EC175F52A3EE46A00B653B2 /* PBXContainerItemProxy */;
		};
		4EC176002A3EE46A00B653B2 /* PBXTargetDependency */ = {
			isa = PBXTargetDependency;
			target = 4EC175E32A3EE46700B653B2 /* Adventure */;
			targetProxy = 4EC175FF2A3EE46A00B653B2 /* PBXContainerItemProxy */;
		};
/* End PBXTargetDependency section */

/* Begin XCBuildConfiguration section */
		4EC176062A3EE46A00B653B2 /* Debug */ = {
			isa = XCBuildConfiguration;
			buildSettings = {
				ALWAYS_SEARCH_USER_PATHS = NO;
				CLANG_ANALYZER_NONNULL = YES;
				CLANG_ANALYZER_NUMBER_OBJECT_CONVERSION = YES_AGGRESSIVE;
				CLANG_CXX_LANGUAGE_STANDARD = "gnu++20";
				CLANG_ENABLE_MODULES = YES;
				CLANG_ENABLE_OBJC_ARC = YES;
				CLANG_ENABLE_OBJC_WEAK = YES;
				CLANG_WARN_BLOCK_CAPTURE_AUTORELEASING = YES;
				CLANG_WARN_BOOL_CONVERSION = YES;
				CLANG_WARN_COMMA = YES;
				CLANG_WARN_CONSTANT_CONVERSION = YES;
				CLANG_WARN_DEPRECATED_OBJC_IMPLEMENTATIONS = YES;
				CLANG_WARN_DIRECT_OBJC_ISA_USAGE = YES_ERROR;
				CLANG_WARN_DOCUMENTATION_COMMENTS = YES;
				CLANG_WARN_EMPTY_BODY = YES;
				CLANG_WARN_ENUM_CONVERSION = YES;
				CLANG_WARN_INFINITE_RECURSION = YES;
				CLANG_WARN_INT_CONVERSION = YES;
				CLANG_WARN_NON_LITERAL_NULL_CONVERSION = YES;
				CLANG_WARN_OBJC_IMPLICIT_RETAIN_SELF = YES;
				CLANG_WARN_OBJC_LITERAL_CONVERSION = YES;
				CLANG_WARN_OBJC_ROOT_CLASS = YES_ERROR;
				CLANG_WARN_QUOTED_INCLUDE_IN_FRAMEWORK_HEADER = YES;
				CLANG_WARN_RANGE_LOOP_ANALYSIS = YES;
				CLANG_WARN_STRICT_PROTOTYPES = YES;
				CLANG_WARN_SUSPICIOUS_MOVE = YES;
				CLANG_WARN_UNGUARDED_AVAILABILITY = YES_AGGRESSIVE;
				CLANG_WARN_UNREACHABLE_CODE = YES;
				CLANG_WARN__DUPLICATE_METHOD_MATCH = YES;
				COPY_PHASE_STRIP = NO;
				DEBUG_INFORMATION_FORMAT = dwarf;
				ENABLE_STRICT_OBJC_MSGSEND = YES;
				ENABLE_TESTABILITY = YES;
				GCC_C_LANGUAGE_STANDARD = gnu11;
				GCC_DYNAMIC_NO_PIC = NO;
				GCC_NO_COMMON_BLOCKS = YES;
				GCC_OPTIMIZATION_LEVEL = 0;
				GCC_PREPROCESSOR_DEFINITIONS = (
					"DEBUG=1",
					"$(inherited)",
				);
				GCC_WARN_64_TO_32_BIT_CONVERSION = YES;
				GCC_WARN_ABOUT_RETURN_TYPE = YES_ERROR;
				GCC_WARN_UNDECLARED_SELECTOR = YES;
				GCC_WARN_UNINITIALIZED_AUTOS = YES_AGGRESSIVE;
				GCC_WARN_UNUSED_FUNCTION = YES;
				GCC_WARN_UNUSED_VARIABLE = YES;
				IPHONEOS_DEPLOYMENT_TARGET = 16.4;
				MTL_ENABLE_DEBUG_INFO = INCLUDE_SOURCE;
				MTL_FAST_MATH = YES;
				ONLY_ACTIVE_ARCH = YES;
				SDKROOT = iphoneos;
				SWIFT_ACTIVE_COMPILATION_CONDITIONS = DEBUG;
				SWIFT_OPTIMIZATION_LEVEL = "-Onone";
			};
			name = Debug;
		};
		4EC176072A3EE46A00B653B2 /* Release */ = {
			isa = XCBuildConfiguration;
			buildSettings = {
				ALWAYS_SEARCH_USER_PATHS = NO;
				CLANG_ANALYZER_NONNULL = YES;
				CLANG_ANALYZER_NUMBER_OBJECT_CONVERSION = YES_AGGRESSIVE;
				CLANG_CXX_LANGUAGE_STANDARD = "gnu++20";
				CLANG_ENABLE_MODULES = YES;
				CLANG_ENABLE_OBJC_ARC = YES;
				CLANG_ENABLE_OBJC_WEAK = YES;
				CLANG_WARN_BLOCK_CAPTURE_AUTORELEASING = YES;
				CLANG_WARN_BOOL_CONVERSION = YES;
				CLANG_WARN_COMMA = YES;
				CLANG_WARN_CONSTANT_CONVERSION = YES;
				CLANG_WARN_DEPRECATED_OBJC_IMPLEMENTATIONS = YES;
				CLANG_WARN_DIRECT_OBJC_ISA_USAGE = YES_ERROR;
				CLANG_WARN_DOCUMENTATION_COMMENTS = YES;
				CLANG_WARN_EMPTY_BODY = YES;
				CLANG_WARN_ENUM_CONVERSION = YES;
				CLANG_WARN_INFINITE_RECURSION = YES;
				CLANG_WARN_INT_CONVERSION = YES;
				CLANG_WARN_NON_LITERAL_NULL_CONVERSION = YES;
				CLANG_WARN_OBJC_IMPLICIT_RETAIN_SELF = YES;
				CLANG_WARN_OBJC_LITERAL_CONVERSION = YES;
				CLANG_WARN_OBJC_ROOT_CLASS = YES_ERROR;
				CLANG_WARN_QUOTED_INCLUDE_IN_FRAMEWORK_HEADER = YES;
				CLANG_WARN_RANGE_LOOP_ANALYSIS = YES;
				CLANG_WARN_STRICT_PROTOTYPES = YES;
				CLANG_WARN_SUSPICIOUS_MOVE = YES;
				CLANG_WARN_UNGUARDED_AVAILABILITY = YES_AGGRESSIVE;
				CLANG_WARN_UNREACHABLE_CODE = YES;
				CLANG_WARN__DUPLICATE_METHOD_MATCH = YES;
				COPY_PHASE_STRIP = NO;
				DEBUG_INFORMATION_FORMAT = "dwarf-with-dsym";
				ENABLE_NS_ASSERTIONS = NO;
				ENABLE_STRICT_OBJC_MSGSEND = YES;
				GCC_C_LANGUAGE_STANDARD = gnu11;
				GCC_NO_COMMON_BLOCKS = YES;
				GCC_WARN_64_TO_32_BIT_CONVERSION = YES;
				GCC_WARN_ABOUT_RETURN_TYPE = YES_ERROR;
				GCC_WARN_UNDECLARED_SELECTOR = YES;
				GCC_WARN_UNINITIALIZED_AUTOS = YES_AGGRESSIVE;
				GCC_WARN_UNUSED_FUNCTION = YES;
				GCC_WARN_UNUSED_VARIABLE = YES;
				IPHONEOS_DEPLOYMENT_TARGET = 16.4;
				MTL_ENABLE_DEBUG_INFO = NO;
				MTL_FAST_MATH = YES;
				SDKROOT = iphoneos;
				SWIFT_COMPILATION_MODE = wholemodule;
				SWIFT_OPTIMIZATION_LEVEL = "-O";
				VALIDATE_PRODUCT = YES;
			};
			name = Release;
		};
		4EC176092A3EE46A00B653B2 /* Debug */ = {
			isa = XCBuildConfiguration;
			buildSettings = {
				ASSETCATALOG_COMPILER_APPICON_NAME = AppIcon;
				ASSETCATALOG_COMPILER_GLOBAL_ACCENT_COLOR_NAME = AccentColor;
				CODE_SIGN_STYLE = Automatic;
				CURRENT_PROJECT_VERSION = 1;
				DEVELOPMENT_ASSET_PATHS = "\"Adventure/Preview Content\"";
				ENABLE_PREVIEWS = YES;
				GENERATE_INFOPLIST_FILE = YES;
				INFOPLIST_KEY_UIApplicationSceneManifest_Generation = YES;
				INFOPLIST_KEY_UIApplicationSupportsIndirectInputEvents = YES;
				INFOPLIST_KEY_UILaunchScreen_Generation = YES;
				INFOPLIST_KEY_UISupportedInterfaceOrientations_iPad = "UIInterfaceOrientationPortrait UIInterfaceOrientationPortraitUpsideDown UIInterfaceOrientationLandscapeLeft UIInterfaceOrientationLandscapeRight";
				INFOPLIST_KEY_UISupportedInterfaceOrientations_iPhone = "UIInterfaceOrientationPortrait UIInterfaceOrientationLandscapeLeft UIInterfaceOrientationLandscapeRight";
				LD_RUNPATH_SEARCH_PATHS = (
					"$(inherited)",
					"@executable_path/Frameworks",
				);
				MARKETING_VERSION = 1.0;
				PRODUCT_BUNDLE_IDENTIFIER = b.Adventure;
				PRODUCT_NAME = "$(TARGET_NAME)";
				SWIFT_EMIT_LOC_STRINGS = YES;
				SWIFT_VERSION = 5.0;
				TARGETED_DEVICE_FAMILY = "1,2";
			};
			name = Debug;
		};
		4EC1760A2A3EE46A00B653B2 /* Release */ = {
			isa = XCBuildConfiguration;
			buildSettings = {
				ASSETCATALOG_COMPILER_APPICON_NAME = AppIcon;
				ASSETCATALOG_COMPILER_GLOBAL_ACCENT_COLOR_NAME = AccentColor;
				CODE_SIGN_STYLE = Automatic;
				CURRENT_PROJECT_VERSION = 1;
				DEVELOPMENT_ASSET_PATHS = "\"Adventure/Preview Content\"";
				ENABLE_PREVIEWS = YES;
				GENERATE_INFOPLIST_FILE = YES;
				INFOPLIST_KEY_UIApplicationSceneManifest_Generation = YES;
				INFOPLIST_KEY_UIApplicationSupportsIndirectInputEvents = YES;
				INFOPLIST_KEY_UILaunchScreen_Generation = YES;
				INFOPLIST_KEY_UISupportedInterfaceOrientations_iPad = "UIInterfaceOrientationPortrait UIInterfaceOrientationPortraitUpsideDown UIInterfaceOrientationLandscapeLeft UIInterfaceOrientationLandscapeRight";
				INFOPLIST_KEY_UISupportedInterfaceOrientations_iPhone = "UIInterfaceOrientationPortrait UIInterfaceOrientationLandscapeLeft UIInterfaceOrientationLandscapeRight";
				LD_RUNPATH_SEARCH_PATHS = (
					"$(inherited)",
					"@executable_path/Frameworks",
				);
				MARKETING_VERSION = 1.0;
				PRODUCT_BUNDLE_IDENTIFIER = b.Adventure;
				PRODUCT_NAME = "$(TARGET_NAME)";
				SWIFT_EMIT_LOC_STRINGS = YES;
				SWIFT_VERSION = 5.0;
				TARGETED_DEVICE_FAMILY = "1,2";
			};
			name = Release;
		};
		4EC1760C2A3EE46A00B653B2 /* Debug */ = {
			isa = XCBuildConfiguration;
			buildSettings = {
				ALWAYS_EMBED_SWIFT_STANDARD_LIBRARIES = YES;
				BUNDLE_LOADER = "$(TEST_HOST)";
				CODE_SIGN_STYLE = Automatic;
				CURRENT_PROJECT_VERSION = 1;
				GENERATE_INFOPLIST_FILE = YES;
				IPHONEOS_DEPLOYMENT_TARGET = 16.4;
				MARKETING_VERSION = 1.0;
				PRODUCT_BUNDLE_IDENTIFIER = b.AdventureTests;
				PRODUCT_NAME = "$(TARGET_NAME)";
				SWIFT_EMIT_LOC_STRINGS = NO;
				SWIFT_VERSION = 5.0;
				TARGETED_DEVICE_FAMILY = "1,2";
				TEST_HOST = "$(BUILT_PRODUCTS_DIR)/Adventure.app/$(BUNDLE_EXECUTABLE_FOLDER_PATH)/Adventure";
			};
			name = Debug;
		};
		4EC1760D2A3EE46A00B653B2 /* Release */ = {
			isa = XCBuildConfiguration;
			buildSettings = {
				ALWAYS_EMBED_SWIFT_STANDARD_LIBRARIES = YES;
				BUNDLE_LOADER = "$(TEST_HOST)";
				CODE_SIGN_STYLE = Automatic;
				CURRENT_PROJECT_VERSION = 1;
				GENERATE_INFOPLIST_FILE = YES;
				IPHONEOS_DEPLOYMENT_TARGET = 16.4;
				MARKETING_VERSION = 1.0;
				PRODUCT_BUNDLE_IDENTIFIER = b.AdventureTests;
				PRODUCT_NAME = "$(TARGET_NAME)";
				SWIFT_EMIT_LOC_STRINGS = NO;
				SWIFT_VERSION = 5.0;
				TARGETED_DEVICE_FAMILY = "1,2";
				TEST_HOST = "$(BUILT_PRODUCTS_DIR)/Adventure.app/$(BUNDLE_EXECUTABLE_FOLDER_PATH)/Adventure";
			};
			name = Release;
		};
		4EC1760F2A3EE46A00B653B2 /* Debug */ = {
			isa = XCBuildConfiguration;
			buildSettings = {
				ALWAYS_EMBED_SWIFT_STANDARD_LIBRARIES = YES;
				CODE_SIGN_STYLE = Automatic;
				CURRENT_PROJECT_VERSION = 1;
				GENERATE_INFOPLIST_FILE = YES;
				MARKETING_VERSION = 1.0;
				PRODUCT_BUNDLE_IDENTIFIER = b.AdventureUITests;
				PRODUCT_NAME = "$(TARGET_NAME)";
				SWIFT_EMIT_LOC_STRINGS = NO;
				SWIFT_VERSION = 5.0;
				TARGETED_DEVICE_FAMILY = "1,2";
				TEST_TARGET_NAME = Adventure;
			};
			name = Debug;
		};
		4EC176102A3EE46A00B653B2 /* Release */ = {
			isa = XCBuildConfiguration;
			buildSettings = {
				ALWAYS_EMBED_SWIFT_STANDARD_LIBRARIES = YES;
				CODE_SIGN_STYLE = Automatic;
				CURRENT_PROJECT_VERSION = 1;
				GENERATE_INFOPLIST_FILE = YES;
				MARKETING_VERSION = 1.0;
				PRODUCT_BUNDLE_IDENTIFIER = b.AdventureUITests;
				PRODUCT_NAME = "$(TARGET_NAME)";
				SWIFT_EMIT_LOC_STRINGS = NO;
				SWIFT_VERSION = 5.0;
				TARGETED_DEVICE_FAMILY = "1,2";
				TEST_TARGET_NAME = Adventure;
			};
			name = Release;
		};
/* End XCBuildConfiguration section */

/* Begin XCConfigurationList section */
		4EC175DF2A3EE46700B653B2 /* Build configuration list for PBXProject "Adventure" */ = {
			isa = XCConfigurationList;
			buildConfigurations = (
				4EC176062A3EE46A00B653B2 /* Debug */,
				4EC176072A3EE46A00B653B2 /* Release */,
			);
			defaultConfigurationIsVisible = 0;
			defaultConfigurationName = Release;
		};
		4EC176082A3EE46A00B653B2 /* Build configuration list for PBXNativeTarget "Adventure" */ = {
			isa = XCConfigurationList;
			buildConfigurations = (
				4EC176092A3EE46A00B653B2 /* Debug */,
				4EC1760A2A3EE46A00B653B2 /* Release */,
			);
			defaultConfigurationIsVisible = 0;
			defaultConfigurationName = Release;
		};
		4EC1760B2A3EE46A00B653B2 /* Build configuration list for PBXNativeTarget "AdventureTests" */ = {
			isa = XCConfigurationList;
			buildConfigurations = (
				4EC1760C2A3EE46A00B653B2 /* Debug */,
				4EC1760D2A3EE46A00B653B2 /* Release */,
			);
			defaultConfigurationIsVisible = 0;
			defaultConfigurationName = Release;
		};
		4EC1760E2A3EE46A00B653B2 /* Build configuration list for PBXNativeTarget "AdventureUITests" */ = {
			isa = XCConfigurationList;
			buildConfigurations = (
				4EC1760F2A3EE46A00B653B2 /* Debug */,
				4EC176102A3EE46A00B653B2 /* Release */,
			);
			defaultConfigurationIsVisible = 0;
			defaultConfigurationName = Release;
		};
/* End XCConfigurationList section */
	};
	rootObject = 4EC175DC2A3EE46700B653B2 /* Project object */;
}
